
Microsoft Visual Studio Solution File, Format Version 12.00
# Visual Studio 15
VisualStudioVersion = 15.0.28010.2050
MinimumVisualStudioVersion = 10.0.40219.1
Project("{FAE04EC0-301F-11D3-BF4B-00C04F79EFBC}") = "HighCPUWebJobDotNet", "HighCPUWebJobDotNet\HighCPUWebJobDotNet.csproj", "{3F52EC15-1C59-43B5-B0D8-9A728D008AB8}"
EndProject
Global
	GlobalSection(SolutionConfigurationPlatforms) = preSolution
		Debug|Any CPU = Debug|Any CPU
		Release|Any CPU = Release|Any CPU
	EndGlobalSection
	GlobalSection(ProjectConfigurationPlatforms) = postSolution
		{3F52EC15-1C59-43B5-B0D8-9A728D008AB8}.Debug|Any CPU.ActiveCfg = Debug|Any CPU
		{3F52EC15-1C59-43B5-B0D8-9A728D008AB8}.Debug|Any CPU.Build.0 = Debug|Any CPU
		{3F52EC15-1C59-43B5-B0D8-9A728D008AB8}.Release|Any CPU.ActiveCfg = Release|Any CPU
		{3F52EC15-1C59-43B5-B0D8-9A728D008AB8}.Release|Any CPU.Build.0 = Release|Any CPU
	EndGlobalSection
	GlobalSection(SolutionProperties) = preSolution
		HideSolutionNode = FALSE
	EndGlobalSection
	GlobalSection(ExtensibilityGlobals) = postSolution
		SolutionGuid = {F254FECC-3B0E-47E7-89DA-200CC3574F25}
	EndGlobalSection
EndGlobal
